// !$*UTF8*$!
{
	archiveVersion = 1;
	classes = {
	};
	objectVersion = 50;
	objects = {

/* Begin PBXBuildFile section */
		48AF04062301E2E400E4D195 /* AppDelegate.swift in Sources */ = {isa = PBXBuildFile; fileRef = 48AF04052301E2E400E4D195 /* AppDelegate.swift */; };
		48AF04082301E2E400E4D195 /* ViewController.swift in Sources */ = {isa = PBXBuildFile; fileRef = 48AF04072301E2E400E4D195 /* ViewController.swift */; };
		48AF040B2301E2E400E4D195 /* Main.storyboard in Resources */ = {isa = PBXBuildFile; fileRef = 48AF04092301E2E400E4D195 /* Main.storyboard */; };
		48AF040D2301E2E600E4D195 /* Assets.xcassets in Resources */ = {isa = PBXBuildFile; fileRef = 48AF040C2301E2E600E4D195 /* Assets.xcassets */; };
		48AF04102301E2E600E4D195 /* LaunchScreen.storyboard in Resources */ = {isa = PBXBuildFile; fileRef = 48AF040E2301E2E600E4D195 /* LaunchScreen.storyboard */; };
		48AF041F2301E8DB00E4D195 /* Starjout.ttf in Resources */ = {isa = PBXBuildFile; fileRef = 48AF041E2301E8DB00E4D195 /* Starjout.ttf */; };
		48AF04212301E8F200E4D195 /* bb8_dribbble.gif in Resources */ = {isa = PBXBuildFile; fileRef = 48AF04202301E8F200E4D195 /* bb8_dribbble.gif */; };
		48AF04232301E92000E4D195 /* UIImage+Gif.swift in Sources */ = {isa = PBXBuildFile; fileRef = 48AF04222301E92000E4D195 /* UIImage+Gif.swift */; };
		48AF04252301E96100E4D195 /* ButtonView.xib in Resources */ = {isa = PBXBuildFile; fileRef = 48AF04242301E96100E4D195 /* ButtonView.xib */; };
		48AF04272301E9A000E4D195 /* ButtonView.swift in Sources */ = {isa = PBXBuildFile; fileRef = 48AF04262301E9A000E4D195 /* ButtonView.swift */; };
		48AF04292301E9E900E4D195 /* FilmListModel.swift in Sources */ = {isa = PBXBuildFile; fileRef = 48AF04282301E9E900E4D195 /* FilmListModel.swift */; };
		48AF042B2301EA0100E4D195 /* PeopleListModel.swift in Sources */ = {isa = PBXBuildFile; fileRef = 48AF042A2301EA0100E4D195 /* PeopleListModel.swift */; };
		48AF042D2301EA1700E4D195 /* PlanetListModel.swift in Sources */ = {isa = PBXBuildFile; fileRef = 48AF042C2301EA1700E4D195 /* PlanetListModel.swift */; };
/* End PBXBuildFile section */

/* Begin PBXFileReference section */
		48AF04022301E2E400E4D195 /* StarWarsWiki.app */ = {isa = PBXFileReference; explicitFileType = wrapper.application; includeInIndex = 0; path = StarWarsWiki.app; sourceTree = BUILT_PRODUCTS_DIR; };
		48AF04052301E2E400E4D195 /* AppDelegate.swift */ = {isa = PBXFileReference; lastKnownFileType = sourcecode.swift; path = AppDelegate.swift; sourceTree = "<group>"; };
		48AF04072301E2E400E4D195 /* ViewController.swift */ = {isa = PBXFileReference; lastKnownFileType = sourcecode.swift; path = ViewController.swift; sourceTree = "<group>"; };
		48AF040A2301E2E400E4D195 /* Base */ = {isa = PBXFileReference; lastKnownFileType = file.storyboard; name = Base; path = Base.lproj/Main.storyboard; sourceTree = "<group>"; };
		48AF040C2301E2E600E4D195 /* Assets.xcassets */ = {isa = PBXFileReference; lastKnownFileType = folder.assetcatalog; path = Assets.xcassets; sourceTree = "<group>"; };
		48AF040F2301E2E600E4D195 /* Base */ = {isa = PBXFileReference; lastKnownFileType = file.storyboard; name = Base; path = Base.lproj/LaunchScreen.storyboard; sourceTree = "<group>"; };
		48AF04112301E2E600E4D195 /* Info.plist */ = {isa = PBXFileReference; lastKnownFileType = text.plist.xml; path = Info.plist; sourceTree = "<group>"; };
		48AF041E2301E8DB00E4D195 /* Starjout.ttf */ = {isa = PBXFileReference; lastKnownFileType = file; path = Starjout.ttf; sourceTree = "<group>"; };
		48AF04202301E8F200E4D195 /* bb8_dribbble.gif */ = {isa = PBXFileReference; lastKnownFileType = image.gif; path = bb8_dribbble.gif; sourceTree = "<group>"; };
		48AF04222301E92000E4D195 /* UIImage+Gif.swift */ = {isa = PBXFileReference; lastKnownFileType = sourcecode.swift; path = "UIImage+Gif.swift"; sourceTree = "<group>"; };
		48AF04242301E96100E4D195 /* ButtonView.xib */ = {isa = PBXFileReference; lastKnownFileType = file.xib; path = ButtonView.xib; sourceTree = "<group>"; };
		48AF04262301E9A000E4D195 /* ButtonView.swift */ = {isa = PBXFileReference; lastKnownFileType = sourcecode.swift; path = ButtonView.swift; sourceTree = "<group>"; };
		48AF04282301E9E900E4D195 /* FilmListModel.swift */ = {isa = PBXFileReference; lastKnownFileType = sourcecode.swift; path = FilmListModel.swift; sourceTree = "<group>"; };
		48AF042A2301EA0100E4D195 /* PeopleListModel.swift */ = {isa = PBXFileReference; lastKnownFileType = sourcecode.swift; path = PeopleListModel.swift; sourceTree = "<group>"; };
		48AF042C2301EA1700E4D195 /* PlanetListModel.swift */ = {isa = PBXFileReference; lastKnownFileType = sourcecode.swift; path = PlanetListModel.swift; sourceTree = "<group>"; };
/* End PBXFileReference section */

/* Begin PBXFrameworksBuildPhase section */
		48AF03FF2301E2E400E4D195 /* Frameworks */ = {
			isa = PBXFrameworksBuildPhase;
			buildActionMask = 2147483647;
			files = (
			);
			runOnlyForDeploymentPostprocessing = 0;
		};
/* End PBXFrameworksBuildPhase section */

/* Begin PBXGroup section */
		48AF03F92301E2E400E4D195 = {
			isa = PBXGroup;
			children = (
				48AF04042301E2E400E4D195 /* StarWarsWiki */,
				48AF04032301E2E400E4D195 /* Products */,
			);
			sourceTree = "<group>";
		};
		48AF04032301E2E400E4D195 /* Products */ = {
			isa = PBXGroup;
			children = (
				48AF04022301E2E400E4D195 /* StarWarsWiki.app */,
			);
			name = Products;
			sourceTree = "<group>";
		};
		48AF04042301E2E400E4D195 /* StarWarsWiki */ = {
			isa = PBXGroup;
			children = (
				48AF041D2301E89A00E4D195 /* Gif */,
				48AF041C2301E86E00E4D195 /* Extensions */,
				48AF041B2301E86200E4D195 /* Fonts */,
				48AF041A2301E85600E4D195 /* Views */,
				48AF04192301E84400E4D195 /* Models */,
				48AF04172301E81E00E4D195 /* SupportingFiles */,
				48AF04182301E83800E4D195 /* Contollers */,
				48AF04112301E2E600E4D195 /* Info.plist */,
			);
			path = StarWarsWiki;
			sourceTree = "<group>";
		};
		48AF04172301E81E00E4D195 /* SupportingFiles */ = {
			isa = PBXGroup;
			children = (
				48AF04052301E2E400E4D195 /* AppDelegate.swift */,
				48AF04092301E2E400E4D195 /* Main.storyboard */,
				48AF040C2301E2E600E4D195 /* Assets.xcassets */,
				48AF040E2301E2E600E4D195 /* LaunchScreen.storyboard */,
			);
			path = SupportingFiles;
			sourceTree = "<group>";
		};
		48AF04182301E83800E4D195 /* Contollers */ = {
			isa = PBXGroup;
			children = (
				48AF04072301E2E400E4D195 /* ViewController.swift */,
			);
			path = Contollers;
			sourceTree = "<group>";
		};
		48AF04192301E84400E4D195 /* Models */ = {
			isa = PBXGroup;
			children = (
				48AF04282301E9E900E4D195 /* FilmListModel.swift */,
				48AF042A2301EA0100E4D195 /* PeopleListModel.swift */,
				48AF042C2301EA1700E4D195 /* PlanetListModel.swift */,
			);
			path = Models;
			sourceTree = "<group>";
		};
		48AF041A2301E85600E4D195 /* Views */ = {
			isa = PBXGroup;
			children = (
				48AF04242301E96100E4D195 /* ButtonView.xib */,
				48AF04262301E9A000E4D195 /* ButtonView.swift */,
			);
			path = Views;
			sourceTree = "<group>";
		};
		48AF041B2301E86200E4D195 /* Fonts */ = {
			isa = PBXGroup;
			children = (
				48AF041E2301E8DB00E4D195 /* Starjout.ttf */,
			);
			path = Fonts;
			sourceTree = "<group>";
		};
		48AF041C2301E86E00E4D195 /* Extensions */ = {
			isa = PBXGroup;
			children = (
				48AF04222301E92000E4D195 /* UIImage+Gif.swift */,
			);
			path = Extensions;
			sourceTree = "<group>";
		};
		48AF041D2301E89A00E4D195 /* Gif */ = {
			isa = PBXGroup;
			children = (
				48AF04202301E8F200E4D195 /* bb8_dribbble.gif */,
			);
			path = Gif;
			sourceTree = "<group>";
		};
/* End PBXGroup section */

/* Begin PBXNativeTarget section */
		48AF04012301E2E400E4D195 /* StarWarsWiki */ = {
			isa = PBXNativeTarget;
			buildConfigurationList = 48AF04142301E2E600E4D195 /* Build configuration list for PBXNativeTarget "StarWarsWiki" */;
			buildPhases = (
				48AF03FE2301E2E400E4D195 /* Sources */,
				48AF03FF2301E2E400E4D195 /* Frameworks */,
				48AF04002301E2E400E4D195 /* Resources */,
			);
			buildRules = (
			);
			dependencies = (
			);
			name = StarWarsWiki;
			productName = StarWarsWiki;
			productReference = 48AF04022301E2E400E4D195 /* StarWarsWiki.app */;
			productType = "com.apple.product-type.application";
		};
/* End PBXNativeTarget section */

/* Begin PBXProject section */
		48AF03FA2301E2E400E4D195 /* Project object */ = {
			isa = PBXProject;
			attributes = {
				LastSwiftUpdateCheck = 1020;
				LastUpgradeCheck = 1020;
				ORGANIZATIONNAME = "Ibraheem rawlinson";
				TargetAttributes = {
					48AF04012301E2E400E4D195 = {
						CreatedOnToolsVersion = 10.2;
					};
				};
			};
			buildConfigurationList = 48AF03FD2301E2E400E4D195 /* Build configuration list for PBXProject "StarWarsWiki" */;
			compatibilityVersion = "Xcode 9.3";
			developmentRegion = en;
			hasScannedForEncodings = 0;
			knownRegions = (
				en,
				Base,
			);
			mainGroup = 48AF03F92301E2E400E4D195;
			productRefGroup = 48AF04032301E2E400E4D195 /* Products */;
			projectDirPath = "";
			projectRoot = "";
			targets = (
				48AF04012301E2E400E4D195 /* StarWarsWiki */,
			);
		};
/* End PBXProject section */

/* Begin PBXResourcesBuildPhase section */
		48AF04002301E2E400E4D195 /* Resources */ = {
			isa = PBXResourcesBuildPhase;
			buildActionMask = 2147483647;
			files = (
				48AF041F2301E8DB00E4D195 /* Starjout.ttf in Resources */,
				48AF04102301E2E600E4D195 /* LaunchScreen.storyboard in Resources */,
				48AF04252301E96100E4D195 /* ButtonView.xib in Resources */,
				48AF040D2301E2E600E4D195 /* Assets.xcassets in Resources */,
				48AF040B2301E2E400E4D195 /* Main.storyboard in Resources */,
				48AF04212301E8F200E4D195 /* bb8_dribbble.gif in Resources */,
			);
			runOnlyForDeploymentPostprocessing = 0;
		};
/* End PBXResourcesBuildPhase section */

/* Begin PBXSourcesBuildPhase section */
		48AF03FE2301E2E400E4D195 /* Sources */ = {
			isa = PBXSourcesBuildPhase;
			buildActionMask = 2147483647;
			files = (
				48AF042B2301EA0100E4D195 /* PeopleListModel.swift in Sources */,
				48AF04232301E92000E4D195 /* UIImage+Gif.swift in Sources */,
				48AF042D2301EA1700E4D195 /* PlanetListModel.swift in Sources */,
				48AF04082301E2E400E4D195 /* ViewController.swift in Sources */,
				48AF04272301E9A000E4D195 /* ButtonView.swift in Sources */,
				48AF04062301E2E400E4D195 /* AppDelegate.swift in Sources */,
				48AF04292301E9E900E4D195 /* FilmListModel.swift in Sources */,
			);
			runOnlyForDeploymentPostprocessing = 0;
		};
/* End PBXSourcesBuildPhase section */

/* Begin PBXVariantGroup section */
		48AF04092301E2E400E4D195 /* Main.storyboard */ = {
			isa = PBXVariantGroup;
			children = (
				48AF040A2301E2E400E4D195 /* Base */,
			);
			name = Main.storyboard;
			sourceTree = "<group>";
		};
		48AF040E2301E2E600E4D195 /* LaunchScreen.storyboard */ = {
			isa = PBXVariantGroup;
			children = (
				48AF040F2301E2E600E4D195 /* Base */,
			);
			name = LaunchScreen.storyboard;
			sourceTree = "<group>";
		};
/* End PBXVariantGroup section */

/* Begin XCBuildConfiguration section */
		48AF04122301E2E600E4D195 /* Debug */ = {
			isa = XCBuildConfiguration;
			buildSettings = {
				ALWAYS_SEARCH_USER_PATHS = NO;
				CLANG_ANALYZER_NONNULL = YES;
				CLANG_ANALYZER_NUMBER_OBJECT_CONVERSION = YES_AGGRESSIVE;
				CLANG_CXX_LANGUAGE_STANDARD = "gnu++14";
				CLANG_CXX_LIBRARY = "libc++";
				CLANG_ENABLE_MODULES = YES;
				CLANG_ENABLE_OBJC_ARC = YES;
				CLANG_ENABLE_OBJC_WEAK = YES;
				CLANG_WARN_BLOCK_CAPTURE_AUTORELEASING = YES;
				CLANG_WARN_BOOL_CONVERSION = YES;
				CLANG_WARN_COMMA = YES;
				CLANG_WARN_CONSTANT_CONVERSION = YES;
				CLANG_WARN_DEPRECATED_OBJC_IMPLEMENTATIONS = YES;
				CLANG_WARN_DIRECT_OBJC_ISA_USAGE = YES_ERROR;
				CLANG_WARN_DOCUMENTATION_COMMENTS = YES;
				CLANG_WARN_EMPTY_BODY = YES;
				CLANG_WARN_ENUM_CONVERSION = YES;
				CLANG_WARN_INFINITE_RECURSION = YES;
				CLANG_WARN_INT_CONVERSION = YES;
				CLANG_WARN_NON_LITERAL_NULL_CONVERSION = YES;
				CLANG_WARN_OBJC_IMPLICIT_RETAIN_SELF = YES;
				CLANG_WARN_OBJC_LITERAL_CONVERSION = YES;
				CLANG_WARN_OBJC_ROOT_CLASS = YES_ERROR;
				CLANG_WARN_RANGE_LOOP_ANALYSIS = YES;
				CLANG_WARN_STRICT_PROTOTYPES = YES;
				CLANG_WARN_SUSPICIOUS_MOVE = YES;
				CLANG_WARN_UNGUARDED_AVAILABILITY = YES_AGGRESSIVE;
				CLANG_WARN_UNREACHABLE_CODE = YES;
				CLANG_WARN__DUPLICATE_METHOD_MATCH = YES;
				CODE_SIGN_IDENTITY = "iPhone Developer";
				COPY_PHASE_STRIP = NO;
				DEBUG_INFORMATION_FORMAT = dwarf;
				ENABLE_STRICT_OBJC_MSGSEND = YES;
				ENABLE_TESTABILITY = YES;
				GCC_C_LANGUAGE_STANDARD = gnu11;
				GCC_DYNAMIC_NO_PIC = NO;
				GCC_NO_COMMON_BLOCKS = YES;
				GCC_OPTIMIZATION_LEVEL = 0;
				GCC_PREPROCESSOR_DEFINITIONS = (
					"DEBUG=1",
					"$(inherited)",
				);
				GCC_WARN_64_TO_32_BIT_CONVERSION = YES;
				GCC_WARN_ABOUT_RETURN_TYPE = YES_ERROR;
				GCC_WARN_UNDECLARED_SELECTOR = YES;
				GCC_WARN_UNINITIALIZED_AUTOS = YES_AGGRESSIVE;
				GCC_WARN_UNUSED_FUNCTION = YES;
				GCC_WARN_UNUSED_VARIABLE = YES;
				IPHONEOS_DEPLOYMENT_TARGET = 12.2;
				MTL_ENABLE_DEBUG_INFO = INCLUDE_SOURCE;
				MTL_FAST_MATH = YES;
				ONLY_ACTIVE_ARCH = YES;
				SDKROOT = iphoneos;
				SWIFT_ACTIVE_COMPILATION_CONDITIONS = DEBUG;
				SWIFT_OPTIMIZATION_LEVEL = "-Onone";
			};
			name = Debug;
		};
		48AF04132301E2E600E4D195 /* Release */ = {
			isa = XCBuildConfiguration;
			buildSettings = {
				ALWAYS_SEARCH_USER_PATHS = NO;
				CLANG_ANALYZER_NONNULL = YES;
				CLANG_ANALYZER_NUMBER_OBJECT_CONVERSION = YES_AGGRESSIVE;
				CLANG_CXX_LANGUAGE_STANDARD = "gnu++14";
				CLANG_CXX_LIBRARY = "libc++";
				CLANG_ENABLE_MODULES = YES;
				CLANG_ENABLE_OBJC_ARC = YES;
				CLANG_ENABLE_OBJC_WEAK = YES;
				CLANG_WARN_BLOCK_CAPTURE_AUTORELEASING = YES;
				CLANG_WARN_BOOL_CONVERSION = YES;
				CLANG_WARN_COMMA = YES;
				CLANG_WARN_CONSTANT_CONVERSION = YES;
				CLANG_WARN_DEPRECATED_OBJC_IMPLEMENTATIONS = YES;
				CLANG_WARN_DIRECT_OBJC_ISA_USAGE = YES_ERROR;
				CLANG_WARN_DOCUMENTATION_COMMENTS = YES;
				CLANG_WARN_EMPTY_BODY = YES;
				CLANG_WARN_ENUM_CONVERSION = YES;
				CLANG_WARN_INFINITE_RECURSION = YES;
				CLANG_WARN_INT_CONVERSION = YES;
				CLANG_WARN_NON_LITERAL_NULL_CONVERSION = YES;
				CLANG_WARN_OBJC_IMPLICIT_RETAIN_SELF = YES;
				CLANG_WARN_OBJC_LITERAL_CONVERSION = YES;
				CLANG_WARN_OBJC_ROOT_CLASS = YES_ERROR;
				CLANG_WARN_RANGE_LOOP_ANALYSIS = YES;
				CLANG_WARN_STRICT_PROTOTYPES = YES;
				CLANG_WARN_SUSPICIOUS_MOVE = YES;
				CLANG_WARN_UNGUARDED_AVAILABILITY = YES_AGGRESSIVE;
				CLANG_WARN_UNREACHABLE_CODE = YES;
				CLANG_WARN__DUPLICATE_METHOD_MATCH = YES;
				CODE_SIGN_IDENTITY = "iPhone Developer";
				COPY_PHASE_STRIP = NO;
				DEBUG_INFORMATION_FORMAT = "dwarf-with-dsym";
				ENABLE_NS_ASSERTIONS = NO;
				ENABLE_STRICT_OBJC_MSGSEND = YES;
				GCC_C_LANGUAGE_STANDARD = gnu11;
				GCC_NO_COMMON_BLOCKS = YES;
				GCC_WARN_64_TO_32_BIT_CONVERSION = YES;
				GCC_WARN_ABOUT_RETURN_TYPE = YES_ERROR;
				GCC_WARN_UNDECLARED_SELECTOR = YES;
				GCC_WARN_UNINITIALIZED_AUTOS = YES_AGGRESSIVE;
				GCC_WARN_UNUSED_FUNCTION = YES;
				GCC_WARN_UNUSED_VARIABLE = YES;
				IPHONEOS_DEPLOYMENT_TARGET = 12.2;
				MTL_ENABLE_DEBUG_INFO = NO;
				MTL_FAST_MATH = YES;
				SDKROOT = iphoneos;
				SWIFT_COMPILATION_MODE = wholemodule;
				SWIFT_OPTIMIZATION_LEVEL = "-O";
				VALIDATE_PRODUCT = YES;
			};
			name = Release;
		};
		48AF04152301E2E600E4D195 /* Debug */ = {
			isa = XCBuildConfiguration;
			buildSettings = {
				ASSETCATALOG_COMPILER_APPICON_NAME = AppIcon;
				CODE_SIGN_STYLE = Automatic;
				DEVELOPMENT_TEAM = 465ZSD32S3;
				INFOPLIST_FILE = StarWarsWiki/Info.plist;
				LD_RUNPATH_SEARCH_PATHS = (
					"$(inherited)",
					"@executable_path/Frameworks",
				);
				PRODUCT_BUNDLE_IDENTIFIER = ibraheem.StarWarsWiki;
				PRODUCT_NAME = "$(TARGET_NAME)";
				SWIFT_VERSION = 5.0;
				TARGETED_DEVICE_FAMILY = "1,2";
			};
			name = Debug;
		};
		48AF04162301E2E600E4D195 /* Release */ = {
			isa = XCBuildConfiguration;
			buildSettings = {
				ASSETCATALOG_COMPILER_APPICON_NAME = AppIcon;
				CODE_SIGN_STYLE = Automatic;
				DEVELOPMENT_TEAM = 465ZSD32S3;
				INFOPLIST_FILE = StarWarsWiki/Info.plist;
				LD_RUNPATH_SEARCH_PATHS = (
					"$(inherited)",
					"@executable_path/Frameworks",
				);
				PRODUCT_BUNDLE_IDENTIFIER = ibraheem.StarWarsWiki;
				PRODUCT_NAME = "$(TARGET_NAME)";
				SWIFT_VERSION = 5.0;
				TARGETED_DEVICE_FAMILY = "1,2";
			};
			name = Release;
		};
/* End XCBuildConfiguration section */

/* Begin XCConfigurationList section */
		48AF03FD2301E2E400E4D195 /* Build configuration list for PBXProject "StarWarsWiki" */ = {
			isa = XCConfigurationList;
			buildConfigurations = (
				48AF04122301E2E600E4D195 /* Debug */,
				48AF04132301E2E600E4D195 /* Release */,
			);
			defaultConfigurationIsVisible = 0;
			defaultConfigurationName = Release;
		};
		48AF04142301E2E600E4D195 /* Build configuration list for PBXNativeTarget "StarWarsWiki" */ = {
			isa = XCConfigurationList;
			buildConfigurations = (
				48AF04152301E2E600E4D195 /* Debug */,
				48AF04162301E2E600E4D195 /* Release */,
			);
			defaultConfigurationIsVisible = 0;
			defaultConfigurationName = Release;
		};
/* End XCConfigurationList section */
	};
	rootObject = 48AF03FA2301E2E400E4D195 /* Project object */;
}
